
Microsoft Visual Studio Solution File, Format Version 12.00
# Visual Studio Version 16
VisualStudioVersion = 16.0.29326.143
MinimumVisualStudioVersion = 10.0.40219.1
Project("{FAE04EC0-301F-11D3-BF4B-00C04F79EFBC}") = "SaltyLibrary", "SaltyLibrary\SaltyLibrary.csproj", "{1DDB6ED6-D3AA-4471-AF5F-BE0A3D2265C0}"
EndProject
Project("{FAE04EC0-301F-11D3-BF4B-00C04F79EFBC}") = "ConsoleApp", "ConsoleApp\ConsoleApp.csproj", "{CC109662-92DC-41E7-9B7F-F71AF5870280}"
EndProject
Global
	GlobalSection(SolutionConfigurationPlatforms) = preSolution
		Debug|Any CPU = Debug|Any CPU
		Release|Any CPU = Release|Any CPU
	EndGlobalSection
	GlobalSection(ProjectConfigurationPlatforms) = postSolution
		{1DDB6ED6-D3AA-4471-AF5F-BE0A3D2265C0}.Debug|Any CPU.ActiveCfg = Debug|Any CPU
		{1DDB6ED6-D3AA-4471-AF5F-BE0A3D2265C0}.Debug|Any CPU.Build.0 = Debug|Any CPU
		{1DDB6ED6-D3AA-4471-AF5F-BE0A3D2265C0}.Release|Any CPU.ActiveCfg = Release|Any CPU
		{1DDB6ED6-D3AA-4471-AF5F-BE0A3D2265C0}.Release|Any CPU.Build.0 = Release|Any CPU
		{CC109662-92DC-41E7-9B7F-F71AF5870280}.Debug|Any CPU.ActiveCfg = Debug|Any CPU
		{CC109662-92DC-41E7-9B7F-F71AF5870280}.Debug|Any CPU.Build.0 = Debug|Any CPU
		{CC109662-92DC-41E7-9B7F-F71AF5870280}.Release|Any CPU.ActiveCfg = Release|Any CPU
		{CC109662-92DC-41E7-9B7F-F71AF5870280}.Release|Any CPU.Build.0 = Release|Any CPU
	EndGlobalSection
	GlobalSection(SolutionProperties) = preSolution
		HideSolutionNode = FALSE
	EndGlobalSection
	GlobalSection(ExtensibilityGlobals) = postSolution
		SolutionGuid = {A974D7E0-6AF5-4507-8554-FEAA0B8C02EF}
	EndGlobalSection
EndGlobal
